
Microsoft Visual Studio Solution File, Format Version 12.00
# Visual Studio Version 17
VisualStudioVersion = 17.11.35222.181
MinimumVisualStudioVersion = 10.0.40219.1
Project("{888888A0-9F3D-457C-B088-3A5042F75D52}") = "Lab2Pat", "Lab2Pat\Lab2Pat.pyproj", "{80E7509A-E424-4335-8B16-9085648ECB6F}"
EndProject
Global
	GlobalSection(SolutionConfigurationPlatforms) = preSolution
		Debug|Any CPU = Debug|Any CPU
		Release|Any CPU = Release|Any CPU
	EndGlobalSection
	GlobalSection(ProjectConfigurationPlatforms) = postSolution
		{80E7509A-E424-4335-8B16-9085648ECB6F}.Debug|Any CPU.ActiveCfg = Debug|Any CPU
		{80E7509A-E424-4335-8B16-9085648ECB6F}.Release|Any CPU.ActiveCfg = Release|Any CPU
	EndGlobalSection
	GlobalSection(SolutionProperties) = preSolution
		HideSolutionNode = FALSE
	EndGlobalSection
	GlobalSection(ExtensibilityGlobals) = postSolution
		SolutionGuid = {62CBD1E6-1189-4775-95B9-CC4F02BB734F}
	EndGlobalSection
EndGlobal
